
Microsoft Visual Studio Solution File, Format Version 12.00
# Visual Studio Version 17
VisualStudioVersion = 17.11.35327.3
MinimumVisualStudioVersion = 10.0.40219.1
Project("{9A19103F-16F7-4668-BE54-9A1E7A4F7556}") = "OnlineTechExamAPI", "OnlineTechExam\OnlineTechExamAPI.csproj", "{1C0FA407-ACA7-45EE-901A-99921EDBABA1}"
EndProject
Project("{9A19103F-16F7-4668-BE54-9A1E7A4F7556}") = "OnlineTechExamMVC", "OnlineTechExamMVC\OnlineTechExamMVC.csproj", "{C4EE2450-6629-4E47-83D6-A253539025D6}"
EndProject
Project("{2150E333-8FDC-42A3-9474-1A3956D46DE8}") = "SCripts", "SCripts", "{DF99DF29-78C2-4F84-A341-0894257E93D9}"
	ProjectSection(SolutionItems) = preProject
		sql.sql = sql.sql
	EndProjectSection
EndProject
Global
	GlobalSection(SolutionConfigurationPlatforms) = preSolution
		Debug|Any CPU = Debug|Any CPU
		Release|Any CPU = Release|Any CPU
	EndGlobalSection
	GlobalSection(ProjectConfigurationPlatforms) = postSolution
		{1C0FA407-ACA7-45EE-901A-99921EDBABA1}.Debug|Any CPU.ActiveCfg = Debug|Any CPU
		{1C0FA407-ACA7-45EE-901A-99921EDBABA1}.Debug|Any CPU.Build.0 = Debug|Any CPU
		{1C0FA407-ACA7-45EE-901A-99921EDBABA1}.Release|Any CPU.ActiveCfg = Release|Any CPU
		{1C0FA407-ACA7-45EE-901A-99921EDBABA1}.Release|Any CPU.Build.0 = Release|Any CPU
		{C4EE2450-6629-4E47-83D6-A253539025D6}.Debug|Any CPU.ActiveCfg = Debug|Any CPU
		{C4EE2450-6629-4E47-83D6-A253539025D6}.Debug|Any CPU.Build.0 = Debug|Any CPU
		{C4EE2450-6629-4E47-83D6-A253539025D6}.Release|Any CPU.ActiveCfg = Release|Any CPU
		{C4EE2450-6629-4E47-83D6-A253539025D6}.Release|Any CPU.Build.0 = Release|Any CPU
	EndGlobalSection
	GlobalSection(SolutionProperties) = preSolution
		HideSolutionNode = FALSE
	EndGlobalSection
	GlobalSection(ExtensibilityGlobals) = postSolution
		SolutionGuid = {0D3A8D91-50B1-44DF-8D76-3ACF689108D5}
	EndGlobalSection
EndGlobal
